// !$*UTF8*$!
{
	archiveVersion = 1;
	classes = {
	};
	objectVersion = 55;
	objects = {

/* Begin PBXBuildFile section */
		5400C9E328CF42740086B1CF /* MarkdownText in Frameworks */ = {isa = PBXBuildFile; productRef = 5400C9E228CF42740086B1CF /* MarkdownText */; };
		5400C9E528CF42780086B1CF /* MarkdownText in Frameworks */ = {isa = PBXBuildFile; productRef = 5400C9E428CF42780086B1CF /* MarkdownText */; };
		540BE00828CCDF9F001433EE /* DemoApp.swift in Sources */ = {isa = PBXBuildFile; fileRef = 540BDFF828CCDF9E001433EE /* DemoApp.swift */; };
		540BE00928CCDF9F001433EE /* DemoApp.swift in Sources */ = {isa = PBXBuildFile; fileRef = 540BDFF828CCDF9E001433EE /* DemoApp.swift */; };
		540BE00C28CCDF9F001433EE /* Assets.xcassets in Resources */ = {isa = PBXBuildFile; fileRef = 540BDFFA28CCDF9F001433EE /* Assets.xcassets */; };
		540BE00D28CCDF9F001433EE /* Assets.xcassets in Resources */ = {isa = PBXBuildFile; fileRef = 540BDFFA28CCDF9F001433EE /* Assets.xcassets */; };
		547A45A428CF3C9200FDDFB7 /* Samples in Resources */ = {isa = PBXBuildFile; fileRef = 547A45A328CF3C9200FDDFB7 /* Samples */; };
		547A45A528CF3C9200FDDFB7 /* Samples in Resources */ = {isa = PBXBuildFile; fileRef = 547A45A328CF3C9200FDDFB7 /* Samples */; };
		547A45AC28CF3CD900FDDFB7 /* Styles.swift in Sources */ = {isa = PBXBuildFile; fileRef = 547A45A628CF3CD900FDDFB7 /* Styles.swift */; };
		547A45AD28CF3CD900FDDFB7 /* Styles.swift in Sources */ = {isa = PBXBuildFile; fileRef = 547A45A628CF3CD900FDDFB7 /* Styles.swift */; };
		547A45AE28CF3CD900FDDFB7 /* RepoListView.swift in Sources */ = {isa = PBXBuildFile; fileRef = 547A45A728CF3CD900FDDFB7 /* RepoListView.swift */; };
		547A45AF28CF3CD900FDDFB7 /* RepoListView.swift in Sources */ = {isa = PBXBuildFile; fileRef = 547A45A728CF3CD900FDDFB7 /* RepoListView.swift */; };
		547A45B028CF3CD900FDDFB7 /* Trending.swift in Sources */ = {isa = PBXBuildFile; fileRef = 547A45A828CF3CD900FDDFB7 /* Trending.swift */; };
		547A45B128CF3CD900FDDFB7 /* Trending.swift in Sources */ = {isa = PBXBuildFile; fileRef = 547A45A828CF3CD900FDDFB7 /* Trending.swift */; };
		547A45B228CF3CD900FDDFB7 /* ContentView.swift in Sources */ = {isa = PBXBuildFile; fileRef = 547A45A928CF3CD900FDDFB7 /* ContentView.swift */; };
		547A45B328CF3CD900FDDFB7 /* ContentView.swift in Sources */ = {isa = PBXBuildFile; fileRef = 547A45A928CF3CD900FDDFB7 /* ContentView.swift */; };
		547A45B428CF3CD900FDDFB7 /* SampleView.swift in Sources */ = {isa = PBXBuildFile; fileRef = 547A45AA28CF3CD900FDDFB7 /* SampleView.swift */; };
		547A45B528CF3CD900FDDFB7 /* SampleView.swift in Sources */ = {isa = PBXBuildFile; fileRef = 547A45AA28CF3CD900FDDFB7 /* SampleView.swift */; };
		547A45B628CF3CD900FDDFB7 /* ReadMeView.swift in Sources */ = {isa = PBXBuildFile; fileRef = 547A45AB28CF3CD900FDDFB7 /* ReadMeView.swift */; };
		547A45B728CF3CD900FDDFB7 /* ReadMeView.swift in Sources */ = {isa = PBXBuildFile; fileRef = 547A45AB28CF3CD900FDDFB7 /* ReadMeView.swift */; };
		549D760828CF4B0200B90056 /* MarkdownText in Frameworks */ = {isa = PBXBuildFile; productRef = 549D760728CF4B0200B90056 /* MarkdownText */; };
/* End PBXBuildFile section */

/* Begin PBXFileReference section */
		540BDFF828CCDF9E001433EE /* DemoApp.swift */ = {isa = PBXFileReference; lastKnownFileType = sourcecode.swift; path = DemoApp.swift; sourceTree = "<group>"; };
		540BDFFA28CCDF9F001433EE /* Assets.xcassets */ = {isa = PBXFileReference; lastKnownFileType = folder.assetcatalog; path = Assets.xcassets; sourceTree = "<group>"; };
		540BDFFF28CCDF9F001433EE /* MarkdownTextDemo.app */ = {isa = PBXFileReference; explicitFileType = wrapper.application; includeInIndex = 0; path = MarkdownTextDemo.app; sourceTree = BUILT_PRODUCTS_DIR; };
		540BE00528CCDF9F001433EE /* MarkdownTextDemo.app */ = {isa = PBXFileReference; explicitFileType = wrapper.application; includeInIndex = 0; path = MarkdownTextDemo.app; sourceTree = BUILT_PRODUCTS_DIR; };
		540BE00728CCDF9F001433EE /* macOS.entitlements */ = {isa = PBXFileReference; lastKnownFileType = text.plist.entitlements; path = macOS.entitlements; sourceTree = "<group>"; };
		547A45A328CF3C9200FDDFB7 /* Samples */ = {isa = PBXFileReference; lastKnownFileType = folder; name = Samples; path = ../../MarkdownView/Resources/Samples; sourceTree = "<group>"; };
		547A45A628CF3CD900FDDFB7 /* Styles.swift */ = {isa = PBXFileReference; fileEncoding = 4; lastKnownFileType = sourcecode.swift; path = Styles.swift; sourceTree = "<group>"; };
		547A45A728CF3CD900FDDFB7 /* RepoListView.swift */ = {isa = PBXFileReference; fileEncoding = 4; lastKnownFileType = sourcecode.swift; path = RepoListView.swift; sourceTree = "<group>"; };
		547A45A828CF3CD900FDDFB7 /* Trending.swift */ = {isa = PBXFileReference; fileEncoding = 4; lastKnownFileType = sourcecode.swift; path = Trending.swift; sourceTree = "<group>"; };
		547A45A928CF3CD900FDDFB7 /* ContentView.swift */ = {isa = PBXFileReference; fileEncoding = 4; lastKnownFileType = sourcecode.swift; path = ContentView.swift; sourceTree = "<group>"; };
		547A45AA28CF3CD900FDDFB7 /* SampleView.swift */ = {isa = PBXFileReference; fileEncoding = 4; lastKnownFileType = sourcecode.swift; path = SampleView.swift; sourceTree = "<group>"; };
		547A45AB28CF3CD900FDDFB7 /* ReadMeView.swift */ = {isa = PBXFileReference; fileEncoding = 4; lastKnownFileType = sourcecode.swift; path = ReadMeView.swift; sourceTree = "<group>"; };
		547A45B828CF3D0900FDDFB7 /* iOS-Info.plist */ = {isa = PBXFileReference; lastKnownFileType = text.plist.xml; path = "iOS-Info.plist"; sourceTree = "<group>"; };
/* End PBXFileReference section */

/* Begin PBXFrameworksBuildPhase section */
		540BDFFC28CCDF9F001433EE /* Frameworks */ = {
			isa = PBXFrameworksBuildPhase;
			buildActionMask = 2147483647;
			files = (
				549D760828CF4B0200B90056 /* MarkdownText in Frameworks */,
				5400C9E328CF42740086B1CF /* MarkdownText in Frameworks */,
			);
			runOnlyForDeploymentPostprocessing = 0;
		};
		540BE00228CCDF9F001433EE /* Frameworks */ = {
			isa = PBXFrameworksBuildPhase;
			buildActionMask = 2147483647;
			files = (
				5400C9E528CF42780086B1CF /* MarkdownText in Frameworks */,
			);
			runOnlyForDeploymentPostprocessing = 0;
		};
/* End PBXFrameworksBuildPhase section */

/* Begin PBXGroup section */
		5400C9E128CF42740086B1CF /* Frameworks */ = {
			isa = PBXGroup;
			children = (
			);
			name = Frameworks;
			sourceTree = "<group>";
		};
		540BDFF228CCDF9E001433EE = {
			isa = PBXGroup;
			children = (
				54B863AB28CF30B700E251B1 /* Views */,
				540BDFF728CCDF9E001433EE /* Shared */,
				54B863AC28CF30C600E251B1 /* Resources */,
				540BE00028CCDF9F001433EE /* Products */,
				5400C9E128CF42740086B1CF /* Frameworks */,
			);
			sourceTree = "<group>";
		};
		540BDFF728CCDF9E001433EE /* Shared */ = {
			isa = PBXGroup;
			children = (
				540BDFF828CCDF9E001433EE /* DemoApp.swift */,
			);
			path = Shared;
			sourceTree = "<group>";
		};
		540BE00028CCDF9F001433EE /* Products */ = {
			isa = PBXGroup;
			children = (
				540BDFFF28CCDF9F001433EE /* MarkdownTextDemo.app */,
				540BE00528CCDF9F001433EE /* MarkdownTextDemo.app */,
			);
			name = Products;
			sourceTree = "<group>";
		};
		54B863AB28CF30B700E251B1 /* Views */ = {
			isa = PBXGroup;
			children = (
				547A45A928CF3CD900FDDFB7 /* ContentView.swift */,
				547A45AB28CF3CD900FDDFB7 /* ReadMeView.swift */,
				547A45A728CF3CD900FDDFB7 /* RepoListView.swift */,
				547A45AA28CF3CD900FDDFB7 /* SampleView.swift */,
				547A45A628CF3CD900FDDFB7 /* Styles.swift */,
				547A45A828CF3CD900FDDFB7 /* Trending.swift */,
			);
			path = Views;
			sourceTree = "<group>";
		};
		54B863AC28CF30C600E251B1 /* Resources */ = {
			isa = PBXGroup;
			children = (
				547A45A328CF3C9200FDDFB7 /* Samples */,
				547A45B828CF3D0900FDDFB7 /* iOS-Info.plist */,
				540BE00728CCDF9F001433EE /* macOS.entitlements */,
				540BDFFA28CCDF9F001433EE /* Assets.xcassets */,
			);
			path = Resources;
			sourceTree = "<group>";
		};
/* End PBXGroup section */

/* Begin PBXNativeTarget section */
		540BDFFE28CCDF9F001433EE /* MarkdownTextDemo (iOS) */ = {
			isa = PBXNativeTarget;
			buildConfigurationList = 540BE01028CCDF9F001433EE /* Build configuration list for PBXNativeTarget "MarkdownTextDemo (iOS)" */;
			buildPhases = (
				540BDFFB28CCDF9F001433EE /* Sources */,
				540BDFFC28CCDF9F001433EE /* Frameworks */,
				540BDFFD28CCDF9F001433EE /* Resources */,
			);
			buildRules = (
			);
			dependencies = (
			);
			name = "MarkdownTextDemo (iOS)";
			packageProductDependencies = (
				5400C9E228CF42740086B1CF /* MarkdownText */,
				549D760728CF4B0200B90056 /* MarkdownText */,
			);
			productName = "MarkdownTextDemo (iOS)";
			productReference = 540BDFFF28CCDF9F001433EE /* MarkdownTextDemo.app */;
			productType = "com.apple.product-type.application";
		};
		540BE00428CCDF9F001433EE /* MarkdownTextDemo (macOS) */ = {
			isa = PBXNativeTarget;
			buildConfigurationList = 540BE01328CCDF9F001433EE /* Build configuration list for PBXNativeTarget "MarkdownTextDemo (macOS)" */;
			buildPhases = (
				540BE00128CCDF9F001433EE /* Sources */,
				540BE00228CCDF9F001433EE /* Frameworks */,
				540BE00328CCDF9F001433EE /* Resources */,
			);
			buildRules = (
			);
			dependencies = (
			);
			name = "MarkdownTextDemo (macOS)";
			packageProductDependencies = (
				5400C9E428CF42780086B1CF /* MarkdownText */,
			);
			productName = "MarkdownTextDemo (macOS)";
			productReference = 540BE00528CCDF9F001433EE /* MarkdownTextDemo.app */;
			productType = "com.apple.product-type.application";
		};
/* End PBXNativeTarget section */

/* Begin PBXProject section */
		540BDFF328CCDF9E001433EE /* Project object */ = {
			isa = PBXProject;
			attributes = {
				BuildIndependentTargetsInParallel = 1;
				LastSwiftUpdateCheck = 1340;
				LastUpgradeCheck = 1400;
				TargetAttributes = {
					540BDFFE28CCDF9F001433EE = {
						CreatedOnToolsVersion = 13.4.1;
					};
					540BE00428CCDF9F001433EE = {
						CreatedOnToolsVersion = 13.4.1;
					};
				};
			};
			buildConfigurationList = 540BDFF628CCDF9E001433EE /* Build configuration list for PBXProject "MarkdownTextDemo" */;
			compatibilityVersion = "Xcode 13.0";
			developmentRegion = en;
			hasScannedForEncodings = 0;
			knownRegions = (
				en,
				Base,
			);
			mainGroup = 540BDFF228CCDF9E001433EE;
			packageReferences = (
				549D760628CF4B0200B90056 /* XCRemoteSwiftPackageReference "MarkdownText" */,
			);
			productRefGroup = 540BE00028CCDF9F001433EE /* Products */;
			projectDirPath = "";
			projectRoot = "";
			targets = (
				540BDFFE28CCDF9F001433EE /* MarkdownTextDemo (iOS) */,
				540BE00428CCDF9F001433EE /* MarkdownTextDemo (macOS) */,
			);
		};
/* End PBXProject section */

/* Begin PBXResourcesBuildPhase section */
		540BDFFD28CCDF9F001433EE /* Resources */ = {
			isa = PBXResourcesBuildPhase;
			buildActionMask = 2147483647;
			files = (
				547A45A428CF3C9200FDDFB7 /* Samples in Resources */,
				540BE00C28CCDF9F001433EE /* Assets.xcassets in Resources */,
			);
			runOnlyForDeploymentPostprocessing = 0;
		};
		540BE00328CCDF9F001433EE /* Resources */ = {
			isa = PBXResourcesBuildPhase;
			buildActionMask = 2147483647;
			files = (
				547A45A528CF3C9200FDDFB7 /* Samples in Resources */,
				540BE00D28CCDF9F001433EE /* Assets.xcassets in Resources */,
			);
			runOnlyForDeploymentPostprocessing = 0;
		};
/* End PBXResourcesBuildPhase section */

/* Begin PBXSourcesBuildPhase section */
		540BDFFB28CCDF9F001433EE /* Sources */ = {
			isa = PBXSourcesBuildPhase;
			buildActionMask = 2147483647;
			files = (
				547A45AC28CF3CD900FDDFB7 /* Styles.swift in Sources */,
				547A45B428CF3CD900FDDFB7 /* SampleView.swift in Sources */,
				547A45B028CF3CD900FDDFB7 /* Trending.swift in Sources */,
				547A45B628CF3CD900FDDFB7 /* ReadMeView.swift in Sources */,
				547A45AE28CF3CD900FDDFB7 /* RepoListView.swift in Sources */,
				540BE00828CCDF9F001433EE /* DemoApp.swift in Sources */,
				547A45B228CF3CD900FDDFB7 /* ContentView.swift in Sources */,
			);
			runOnlyForDeploymentPostprocessing = 0;
		};
		540BE00128CCDF9F001433EE /* Sources */ = {
			isa = PBXSourcesBuildPhase;
			buildActionMask = 2147483647;
			files = (
				547A45AD28CF3CD900FDDFB7 /* Styles.swift in Sources */,
				547A45B528CF3CD900FDDFB7 /* SampleView.swift in Sources */,
				547A45B128CF3CD900FDDFB7 /* Trending.swift in Sources */,
				547A45B728CF3CD900FDDFB7 /* ReadMeView.swift in Sources */,
				547A45AF28CF3CD900FDDFB7 /* RepoListView.swift in Sources */,
				540BE00928CCDF9F001433EE /* DemoApp.swift in Sources */,
				547A45B328CF3CD900FDDFB7 /* ContentView.swift in Sources */,
			);
			runOnlyForDeploymentPostprocessing = 0;
		};
/* End PBXSourcesBuildPhase section */

/* Begin XCBuildConfiguration section */
		540BE00E28CCDF9F001433EE /* Debug */ = {
			isa = XCBuildConfiguration;
			buildSettings = {
				ALWAYS_SEARCH_USER_PATHS = NO;
				CLANG_ANALYZER_NONNULL = YES;
				CLANG_ANALYZER_NUMBER_OBJECT_CONVERSION = YES_AGGRESSIVE;
				CLANG_CXX_LANGUAGE_STANDARD = "gnu++17";
				CLANG_ENABLE_MODULES = YES;
				CLANG_ENABLE_OBJC_ARC = YES;
				CLANG_ENABLE_OBJC_WEAK = YES;
				CLANG_WARN_BLOCK_CAPTURE_AUTORELEASING = YES;
				CLANG_WARN_BOOL_CONVERSION = YES;
				CLANG_WARN_COMMA = YES;
				CLANG_WARN_CONSTANT_CONVERSION = YES;
				CLANG_WARN_DEPRECATED_OBJC_IMPLEMENTATIONS = YES;
				CLANG_WARN_DIRECT_OBJC_ISA_USAGE = YES_ERROR;
				CLANG_WARN_DOCUMENTATION_COMMENTS = YES;
				CLANG_WARN_EMPTY_BODY = YES;
				CLANG_WARN_ENUM_CONVERSION = YES;
				CLANG_WARN_INFINITE_RECURSION = YES;
				CLANG_WARN_INT_CONVERSION = YES;
				CLANG_WARN_NON_LITERAL_NULL_CONVERSION = YES;
				CLANG_WARN_OBJC_IMPLICIT_RETAIN_SELF = YES;
				CLANG_WARN_OBJC_LITERAL_CONVERSION = YES;
				CLANG_WARN_OBJC_ROOT_CLASS = YES_ERROR;
				CLANG_WARN_QUOTED_INCLUDE_IN_FRAMEWORK_HEADER = YES;
				CLANG_WARN_RANGE_LOOP_ANALYSIS = YES;
				CLANG_WARN_STRICT_PROTOTYPES = YES;
				CLANG_WARN_SUSPICIOUS_MOVE = YES;
				CLANG_WARN_UNGUARDED_AVAILABILITY = YES_AGGRESSIVE;
				CLANG_WARN_UNREACHABLE_CODE = YES;
				CLANG_WARN__DUPLICATE_METHOD_MATCH = YES;
				COPY_PHASE_STRIP = NO;
				DEAD_CODE_STRIPPING = YES;
				DEBUG_INFORMATION_FORMAT = dwarf;
				ENABLE_STRICT_OBJC_MSGSEND = YES;
				ENABLE_TESTABILITY = YES;
				GCC_C_LANGUAGE_STANDARD = gnu11;
				GCC_DYNAMIC_NO_PIC = NO;
				GCC_NO_COMMON_BLOCKS = YES;
				GCC_OPTIMIZATION_LEVEL = 0;
				GCC_PREPROCESSOR_DEFINITIONS = (
					"DEBUG=1",
					"$(inherited)",
				);
				GCC_WARN_64_TO_32_BIT_CONVERSION = YES;
				GCC_WARN_ABOUT_RETURN_TYPE = YES_ERROR;
				GCC_WARN_UNDECLARED_SELECTOR = YES;
				GCC_WARN_UNINITIALIZED_AUTOS = YES_AGGRESSIVE;
				GCC_WARN_UNUSED_FUNCTION = YES;
				GCC_WARN_UNUSED_VARIABLE = YES;
				MTL_ENABLE_DEBUG_INFO = INCLUDE_SOURCE;
				MTL_FAST_MATH = YES;
				ONLY_ACTIVE_ARCH = YES;
				SWIFT_ACTIVE_COMPILATION_CONDITIONS = DEBUG;
				SWIFT_OPTIMIZATION_LEVEL = "-Onone";
			};
			name = Debug;
		};
		540BE00F28CCDF9F001433EE /* Release */ = {
			isa = XCBuildConfiguration;
			buildSettings = {
				ALWAYS_SEARCH_USER_PATHS = NO;
				CLANG_ANALYZER_NONNULL = YES;
				CLANG_ANALYZER_NUMBER_OBJECT_CONVERSION = YES_AGGRESSIVE;
				CLANG_CXX_LANGUAGE_STANDARD = "gnu++17";
				CLANG_ENABLE_MODULES = YES;
				CLANG_ENABLE_OBJC_ARC = YES;
				CLANG_ENABLE_OBJC_WEAK = YES;
				CLANG_WARN_BLOCK_CAPTURE_AUTORELEASING = YES;
				CLANG_WARN_BOOL_CONVERSION = YES;
				CLANG_WARN_COMMA = YES;
				CLANG_WARN_CONSTANT_CONVERSION = YES;
				CLANG_WARN_DEPRECATED_OBJC_IMPLEMENTATIONS = YES;
				CLANG_WARN_DIRECT_OBJC_ISA_USAGE = YES_ERROR;
				CLANG_WARN_DOCUMENTATION_COMMENTS = YES;
				CLANG_WARN_EMPTY_BODY = YES;
				CLANG_WARN_ENUM_CONVERSION = YES;
				CLANG_WARN_INFINITE_RECURSION = YES;
				CLANG_WARN_INT_CONVERSION = YES;
				CLANG_WARN_NON_LITERAL_NULL_CONVERSION = YES;
				CLANG_WARN_OBJC_IMPLICIT_RETAIN_SELF = YES;
				CLANG_WARN_OBJC_LITERAL_CONVERSION = YES;
				CLANG_WARN_OBJC_ROOT_CLASS = YES_ERROR;
				CLANG_WARN_QUOTED_INCLUDE_IN_FRAMEWORK_HEADER = YES;
				CLANG_WARN_RANGE_LOOP_ANALYSIS = YES;
				CLANG_WARN_STRICT_PROTOTYPES = YES;
				CLANG_WARN_SUSPICIOUS_MOVE = YES;
				CLANG_WARN_UNGUARDED_AVAILABILITY = YES_AGGRESSIVE;
				CLANG_WARN_UNREACHABLE_CODE = YES;
				CLANG_WARN__DUPLICATE_METHOD_MATCH = YES;
				COPY_PHASE_STRIP = NO;
				DEAD_CODE_STRIPPING = YES;
				DEBUG_INFORMATION_FORMAT = "dwarf-with-dsym";
				ENABLE_NS_ASSERTIONS = NO;
				ENABLE_STRICT_OBJC_MSGSEND = YES;
				GCC_C_LANGUAGE_STANDARD = gnu11;
				GCC_NO_COMMON_BLOCKS = YES;
				GCC_WARN_64_TO_32_BIT_CONVERSION = YES;
				GCC_WARN_ABOUT_RETURN_TYPE = YES_ERROR;
				GCC_WARN_UNDECLARED_SELECTOR = YES;
				GCC_WARN_UNINITIALIZED_AUTOS = YES_AGGRESSIVE;
				GCC_WARN_UNUSED_FUNCTION = YES;
				GCC_WARN_UNUSED_VARIABLE = YES;
				MTL_ENABLE_DEBUG_INFO = NO;
				MTL_FAST_MATH = YES;
				SWIFT_COMPILATION_MODE = wholemodule;
				SWIFT_OPTIMIZATION_LEVEL = "-O";
			};
			name = Release;
		};
		540BE01128CCDF9F001433EE /* Debug */ = {
			isa = XCBuildConfiguration;
			buildSettings = {
				ASSETCATALOG_COMPILER_APPICON_NAME = AppIcon;
				ASSETCATALOG_COMPILER_GLOBAL_ACCENT_COLOR_NAME = AccentColor;
				CODE_SIGN_STYLE = Automatic;
				CURRENT_PROJECT_VERSION = 1;
				DEVELOPMENT_TEAM = V2CWYL9AN8;
				ENABLE_PREVIEWS = YES;
				GENERATE_INFOPLIST_FILE = YES;
				INFOPLIST_FILE = "Resources/iOS-Info.plist";
				INFOPLIST_KEY_UIApplicationSupportsIndirectInputEvents = YES;
				INFOPLIST_KEY_UILaunchScreen_Generation = YES;
				INFOPLIST_KEY_UISupportedInterfaceOrientations_iPad = "UIInterfaceOrientationPortrait UIInterfaceOrientationPortraitUpsideDown UIInterfaceOrientationLandscapeLeft UIInterfaceOrientationLandscapeRight";
				INFOPLIST_KEY_UISupportedInterfaceOrientations_iPhone = "UIInterfaceOrientationPortrait UIInterfaceOrientationLandscapeLeft UIInterfaceOrientationLandscapeRight";
				IPHONEOS_DEPLOYMENT_TARGET = 14.0;
				LD_RUNPATH_SEARCH_PATHS = (
					"$(inherited)",
					"@executable_path/Frameworks",
				);
				MARKETING_VERSION = 1.0;
				PRODUCT_BUNDLE_IDENTIFIER = com.benkau.MarkdownTextDemo;
				PRODUCT_NAME = MarkdownTextDemo;
				SDKROOT = iphoneos;
				SWIFT_EMIT_LOC_STRINGS = YES;
				SWIFT_VERSION = 5.0;
				TARGETED_DEVICE_FAMILY = "1,2";
			};
			name = Debug;
		};
		540BE01228CCDF9F001433EE /* Release */ = {
			isa = XCBuildConfiguration;
			buildSettings = {
				ASSETCATALOG_COMPILER_APPICON_NAME = AppIcon;
				ASSETCATALOG_COMPILER_GLOBAL_ACCENT_COLOR_NAME = AccentColor;
				CODE_SIGN_STYLE = Automatic;
				CURRENT_PROJECT_VERSION = 1;
				DEVELOPMENT_TEAM = V2CWYL9AN8;
				ENABLE_PREVIEWS = YES;
				GENERATE_INFOPLIST_FILE = YES;
				INFOPLIST_FILE = "Resources/iOS-Info.plist";
				INFOPLIST_KEY_UIApplicationSupportsIndirectInputEvents = YES;
				INFOPLIST_KEY_UILaunchScreen_Generation = YES;
				INFOPLIST_KEY_UISupportedInterfaceOrientations_iPad = "UIInterfaceOrientationPortrait UIInterfaceOrientationPortraitUpsideDown UIInterfaceOrientationLandscapeLeft UIInterfaceOrientationLandscapeRight";
				INFOPLIST_KEY_UISupportedInterfaceOrientations_iPhone = "UIInterfaceOrientationPortrait UIInterfaceOrientationLandscapeLeft UIInterfaceOrientationLandscapeRight";
				IPHONEOS_DEPLOYMENT_TARGET = 14.0;
				LD_RUNPATH_SEARCH_PATHS = (
					"$(inherited)",
					"@executable_path/Frameworks",
				);
				MARKETING_VERSION = 1.0;
				PRODUCT_BUNDLE_IDENTIFIER = com.benkau.MarkdownTextDemo;
				PRODUCT_NAME = MarkdownTextDemo;
				SDKROOT = iphoneos;
				SWIFT_EMIT_LOC_STRINGS = YES;
				SWIFT_VERSION = 5.0;
				TARGETED_DEVICE_FAMILY = "1,2";
				VALIDATE_PRODUCT = YES;
			};
			name = Release;
		};
		540BE01428CCDF9F001433EE /* Debug */ = {
			isa = XCBuildConfiguration;
			buildSettings = {
				ASSETCATALOG_COMPILER_APPICON_NAME = AppIcon;
				ASSETCATALOG_COMPILER_GLOBAL_ACCENT_COLOR_NAME = AccentColor;
				CODE_SIGN_ENTITLEMENTS = Resources/macOS.entitlements;
				CODE_SIGN_IDENTITY = "-";
				CODE_SIGN_STYLE = Automatic;
				COMBINE_HIDPI_IMAGES = YES;
				CURRENT_PROJECT_VERSION = 1;
				DEAD_CODE_STRIPPING = YES;
				DEVELOPMENT_TEAM = V2CWYL9AN8;
				ENABLE_HARDENED_RUNTIME = YES;
				ENABLE_PREVIEWS = YES;
				GENERATE_INFOPLIST_FILE = YES;
				INFOPLIST_KEY_NSHumanReadableCopyright = "";
				LD_RUNPATH_SEARCH_PATHS = (
					"$(inherited)",
					"@executable_path/../Frameworks",
				);
				MACOSX_DEPLOYMENT_TARGET = 11.0;
				MARKETING_VERSION = 1.0;
				PRODUCT_BUNDLE_IDENTIFIER = com.benkau.MarkdownTextDemo;
				PRODUCT_NAME = MarkdownTextDemo;
				SDKROOT = macosx;
				SWIFT_EMIT_LOC_STRINGS = YES;
				SWIFT_VERSION = 5.0;
			};
			name = Debug;
		};
		540BE01528CCDF9F001433EE /* Release */ = {
			isa = XCBuildConfiguration;
			buildSettings = {
				ASSETCATALOG_COMPILER_APPICON_NAME = AppIcon;
				ASSETCATALOG_COMPILER_GLOBAL_ACCENT_COLOR_NAME = AccentColor;
				CODE_SIGN_ENTITLEMENTS = Resources/macOS.entitlements;
				CODE_SIGN_IDENTITY = "-";
				CODE_SIGN_STYLE = Automatic;
				COMBINE_HIDPI_IMAGES = YES;
				CURRENT_PROJECT_VERSION = 1;
				DEAD_CODE_STRIPPING = YES;
				DEVELOPMENT_TEAM = V2CWYL9AN8;
				ENABLE_HARDENED_RUNTIME = YES;
				ENABLE_PREVIEWS = YES;
				GENERATE_INFOPLIST_FILE = YES;
				INFOPLIST_KEY_NSHumanReadableCopyright = "";
				LD_RUNPATH_SEARCH_PATHS = (
					"$(inherited)",
					"@executable_path/../Frameworks",
				);
				MACOSX_DEPLOYMENT_TARGET = 11.0;
				MARKETING_VERSION = 1.0;
				PRODUCT_BUNDLE_IDENTIFIER = com.benkau.MarkdownTextDemo;
				PRODUCT_NAME = MarkdownTextDemo;
				SDKROOT = macosx;
				SWIFT_EMIT_LOC_STRINGS = YES;
				SWIFT_VERSION = 5.0;
			};
			name = Release;
		};
/* End XCBuildConfiguration section */

/* Begin XCConfigurationList section */
		540BDFF628CCDF9E001433EE /* Build configuration list for PBXProject "MarkdownTextDemo" */ = {
			isa = XCConfigurationList;
			buildConfigurations = (
				540BE00E28CCDF9F001433EE /* Debug */,
				540BE00F28CCDF9F001433EE /* Release */,
			);
			defaultConfigurationIsVisible = 0;
			defaultConfigurationName = Release;
		};
		540BE01028CCDF9F001433EE /* Build configuration list for PBXNativeTarget "MarkdownTextDemo (iOS)" */ = {
			isa = XCConfigurationList;
			buildConfigurations = (
				540BE01128CCDF9F001433EE /* Debug */,
				540BE01228CCDF9F001433EE /* Release */,
			);
			defaultConfigurationIsVisible = 0;
			defaultConfigurationName = Release;
		};
		540BE01328CCDF9F001433EE /* Build configuration list for PBXNativeTarget "MarkdownTextDemo (macOS)" */ = {
			isa = XCConfigurationList;
			buildConfigurations = (
				540BE01428CCDF9F001433EE /* Debug */,
				540BE01528CCDF9F001433EE /* Release */,
			);
			defaultConfigurationIsVisible = 0;
			defaultConfigurationName = Release;
		};
/* End XCConfigurationList section */

/* Begin XCRemoteSwiftPackageReference section */
		549D760628CF4B0200B90056 /* XCRemoteSwiftPackageReference "MarkdownText" */ = {
			isa = XCRemoteSwiftPackageReference;
			repositoryURL = "https://github.com/shaps80/MarkdownText";
			requirement = {
				kind = upToNextMajorVersion;
				minimumVersion = 1.0.0;
			};
		};
/* End XCRemoteSwiftPackageReference section */

/* Begin XCSwiftPackageProductDependency section */
		5400C9E228CF42740086B1CF /* MarkdownText */ = {
			isa = XCSwiftPackageProductDependency;
			productName = MarkdownText;
		};
		5400C9E428CF42780086B1CF /* MarkdownText */ = {
			isa = XCSwiftPackageProductDependency;
			productName = MarkdownText;
		};
		549D760728CF4B0200B90056 /* MarkdownText */ = {
			isa = XCSwiftPackageProductDependency;
			package = 549D760628CF4B0200B90056 /* XCRemoteSwiftPackageReference "MarkdownText" */;
			productName = MarkdownText;
		};
/* End XCSwiftPackageProductDependency section */
	};
	rootObject = 540BDFF328CCDF9E001433EE /* Project object */;
}
