{
  "pins" : [
    {
      "identity" : "swift-cmark",
      "kind" : "remoteSourceControl",
      "location" : "https://github.com/shaps80/swift-cmark.git",
      "state" : {
        "revision" : "476f7b4fcf12eba381b4aaed8987006fd8fcec9c",
        "version" : "0.2.0"
      }
    },
    {
      "identity" : "swift-markdown",
      "kind" : "remoteSourceControl",
      "location" : "https://github.com/shaps80/swift-markdown",
      "state" : {
        "revision" : "83188dee2dbccfa70124c56055dd0b759d3e4ec3",
        "version" : "0.3.0"
      }
    },
    {
      "identity" : "swiftbackports",
      "kind" : "remoteSourceControl",
      "location" : "https://github.com/shaps80/SwiftBackports",
      "state" : {
        "revision" : "fafbeabf78b7e364abbbb7565cdfeee42af16211",
        "version" : "1.0.2"
      }
    },
    {
      "identity" : "swiftuibackports",
      "kind" : "remoteSourceControl",
      "location" : "https://github.com/shaps80/SwiftUIBackports",
      "state" : {
        "revision" : "afac0c36c4e4a073c7cb998a194160eff510bc41",
        "version" : "2.0.0"
      }
    }
  ],
  "version" : 2
}
